
Microsoft Visual Studio Solution File, Format Version 12.00
# Visual Studio Version 17
VisualStudioVersion = 17.7.34031.279
MinimumVisualStudioVersion = 10.0.40219.1
Project("{FAE04EC0-301F-11D3-BF4B-00C04F79EFBC}") = "LinhaProducao", "LinhaProducao\LinhaProducao.csproj", "{4182BFB9-8B69-497D-982C-28A35F52C432}"
EndProject
Global
	GlobalSection(SolutionConfigurationPlatforms) = preSolution
		Debug|Any CPU = Debug|Any CPU
		Release|Any CPU = Release|Any CPU
	EndGlobalSection
	GlobalSection(ProjectConfigurationPlatforms) = postSolution
		{4182BFB9-8B69-497D-982C-28A35F52C432}.Debug|Any CPU.ActiveCfg = Debug|Any CPU
		{4182BFB9-8B69-497D-982C-28A35F52C432}.Debug|Any CPU.Build.0 = Debug|Any CPU
		{4182BFB9-8B69-497D-982C-28A35F52C432}.Release|Any CPU.ActiveCfg = Release|Any CPU
		{4182BFB9-8B69-497D-982C-28A35F52C432}.Release|Any CPU.Build.0 = Release|Any CPU
	EndGlobalSection
	GlobalSection(SolutionProperties) = preSolution
		HideSolutionNode = FALSE
	EndGlobalSection
	GlobalSection(ExtensibilityGlobals) = postSolution
		SolutionGuid = {889444EC-3CF2-4029-825E-45D5437EDE1D}
	EndGlobalSection
EndGlobal
